// !$*UTF8*$!
{
	archiveVersion = 1;
	classes = {
	};
	objectVersion = 50;
	objects = {

/* Begin PBXBuildFile section */
		0A483632D0756A3A43FA1CE1 /* Pods_AutoPlan.framework in Frameworks */ = {isa = PBXBuildFile; fileRef = 8CBCD561F4542F9F0BC65D9C /* Pods_AutoPlan.framework */; };
		E508BC3D226B43F6009BBC31 /* SelectProjectTableViewController.swift in Sources */ = {isa = PBXBuildFile; fileRef = E508BC3C226B43F6009BBC31 /* SelectProjectTableViewController.swift */; };
		E50B0AA12282E5F200BFCADD /* UIColor.swift in Sources */ = {isa = PBXBuildFile; fileRef = E50B0AA02282E5F200BFCADD /* UIColor.swift */; };
		E521D5C622831D47000767DE /* DayListTableViewController.swift in Sources */ = {isa = PBXBuildFile; fileRef = E521D5C522831D47000767DE /* DayListTableViewController.swift */; };
		E536D549227FE0DE002C72ED /* AddEditActionTableViewController.swift in Sources */ = {isa = PBXBuildFile; fileRef = E536D548227FE0DE002C72ED /* AddEditActionTableViewController.swift */; };
		E536D54B227FEADB002C72ED /* PickerLabel.swift in Sources */ = {isa = PBXBuildFile; fileRef = E536D54A227FEADB002C72ED /* PickerLabel.swift */; };
		E53CA6C122870E58000AC50B /* Project.swift in Sources */ = {isa = PBXBuildFile; fileRef = E53CA6C022870E58000AC50B /* Project.swift */; };
		E5540A232283748300009F37 /* ActionListTableViewController.swift in Sources */ = {isa = PBXBuildFile; fileRef = E5540A222283748300009F37 /* ActionListTableViewController.swift */; };
		E55FEE19228714CD000E8283 /* EventTableViewCell.swift in Sources */ = {isa = PBXBuildFile; fileRef = E55FEE18228714CD000E8283 /* EventTableViewCell.swift */; };
		E55FEE1B22872D51000E8283 /* NextActionTableViewCell.swift in Sources */ = {isa = PBXBuildFile; fileRef = E55FEE1A22872D51000E8283 /* NextActionTableViewCell.swift */; };
		E565DF362251929D00B2531D /* TodayTableViewController.swift in Sources */ = {isa = PBXBuildFile; fileRef = E565DF352251929D00B2531D /* TodayTableViewController.swift */; };
		E565DF3922519CCF00B2531D /* AutoPlan.xcdatamodeld in Sources */ = {isa = PBXBuildFile; fileRef = E565DF3722519CCF00B2531D /* AutoPlan.xcdatamodeld */; };
		E566D5F42279322000C8A363 /* SelectTaskTableViewController.swift in Sources */ = {isa = PBXBuildFile; fileRef = E566D5F32279322000C8A363 /* SelectTaskTableViewController.swift */; };
		E57BA476227C65C30092CFE5 /* UICircleView.swift in Sources */ = {isa = PBXBuildFile; fileRef = E57BA475227C65C30092CFE5 /* UICircleView.swift */; };
		E581857B225110B6002148A0 /* AppDelegate.swift in Sources */ = {isa = PBXBuildFile; fileRef = E581857A225110B6002148A0 /* AppDelegate.swift */; };
		E581857D225110B6002148A0 /* MainViewController.swift in Sources */ = {isa = PBXBuildFile; fileRef = E581857C225110B6002148A0 /* MainViewController.swift */; };
		E5818580225110B6002148A0 /* Main.storyboard in Resources */ = {isa = PBXBuildFile; fileRef = E581857E225110B6002148A0 /* Main.storyboard */; };
		E5818588225110B7002148A0 /* LaunchScreen.storyboard in Resources */ = {isa = PBXBuildFile; fileRef = E5818586225110B7002148A0 /* LaunchScreen.storyboard */; };
		E58F061E2256F1FF00D84219 /* HealthKit.framework in Frameworks */ = {isa = PBXBuildFile; fileRef = E58F061D2256F1FF00D84219 /* HealthKit.framework */; };
		E59316912252E7CE00936CB5 /* TaskListTableViewController.swift in Sources */ = {isa = PBXBuildFile; fileRef = E59316902252E7CE00936CB5 /* TaskListTableViewController.swift */; };
		E5931697225333A400936CB5 /* AddEditTaskTableViewController.swift in Sources */ = {isa = PBXBuildFile; fileRef = E5931696225333A400936CB5 /* AddEditTaskTableViewController.swift */; };
		E5A2F63022804E3200F7EA42 /* EnergyViewController.swift in Sources */ = {isa = PBXBuildFile; fileRef = E5A2F62F22804E3200F7EA42 /* EnergyViewController.swift */; };
		E5A31CA322669CC90047233B /* ProjectListTableViewController.swift in Sources */ = {isa = PBXBuildFile; fileRef = E5A31CA222669CC90047233B /* ProjectListTableViewController.swift */; };
		E5A31CA72266B49C0047233B /* AddEditProjectTableViewController.swift in Sources */ = {isa = PBXBuildFile; fileRef = E5A31CA62266B49C0047233B /* AddEditProjectTableViewController.swift */; };
		E5B41D7B227C3C2300A88BA6 /* ProjectTableViewCell.swift in Sources */ = {isa = PBXBuildFile; fileRef = E5B41D7A227C3C2300A88BA6 /* ProjectTableViewCell.swift */; };
		E5CAD72922543AEE00936D9D /* TaskTableViewCell.swift in Sources */ = {isa = PBXBuildFile; fileRef = E5CAD72822543AEE00936D9D /* TaskTableViewCell.swift */; };
		E5E5AA41227D6DC3007B1FFD /* Media.xcassets in Resources */ = {isa = PBXBuildFile; fileRef = E5E5AA40227D6DC3007B1FFD /* Media.xcassets */; };
		E5E8C65A227D380100D354C6 /* SelectColorTableViewController.swift in Sources */ = {isa = PBXBuildFile; fileRef = E5E8C659227D380100D354C6 /* SelectColorTableViewController.swift */; };
		E5E8C65C227D40A300D354C6 /* Task.swift in Sources */ = {isa = PBXBuildFile; fileRef = E5E8C65B227D40A300D354C6 /* Task.swift */; };
/* End PBXBuildFile section */

/* Begin PBXFileReference section */
		273384AFBCD62B04DBDE4427 /* Pods-AutoPlan.release.xcconfig */ = {isa = PBXFileReference; includeInIndex = 1; lastKnownFileType = text.xcconfig; name = "Pods-AutoPlan.release.xcconfig"; path = "Target Support Files/Pods-AutoPlan/Pods-AutoPlan.release.xcconfig"; sourceTree = "<group>"; };
		8CBCD561F4542F9F0BC65D9C /* Pods_AutoPlan.framework */ = {isa = PBXFileReference; explicitFileType = wrapper.framework; includeInIndex = 0; path = Pods_AutoPlan.framework; sourceTree = BUILT_PRODUCTS_DIR; };
		CC704CEEA68780D1B77718ED /* Pods-AutoPlan.debug.xcconfig */ = {isa = PBXFileReference; includeInIndex = 1; lastKnownFileType = text.xcconfig; name = "Pods-AutoPlan.debug.xcconfig"; path = "Target Support Files/Pods-AutoPlan/Pods-AutoPlan.debug.xcconfig"; sourceTree = "<group>"; };
		E508BC3C226B43F6009BBC31 /* SelectProjectTableViewController.swift */ = {isa = PBXFileReference; lastKnownFileType = sourcecode.swift; path = SelectProjectTableViewController.swift; sourceTree = "<group>"; };
		E50B0AA02282E5F200BFCADD /* UIColor.swift */ = {isa = PBXFileReference; lastKnownFileType = sourcecode.swift; path = UIColor.swift; sourceTree = "<group>"; };
		E521D5C522831D47000767DE /* DayListTableViewController.swift */ = {isa = PBXFileReference; lastKnownFileType = sourcecode.swift; path = DayListTableViewController.swift; sourceTree = "<group>"; };
		E536D548227FE0DE002C72ED /* AddEditActionTableViewController.swift */ = {isa = PBXFileReference; lastKnownFileType = sourcecode.swift; path = AddEditActionTableViewController.swift; sourceTree = "<group>"; };
		E536D54A227FEADB002C72ED /* PickerLabel.swift */ = {isa = PBXFileReference; lastKnownFileType = sourcecode.swift; path = PickerLabel.swift; sourceTree = "<group>"; };
		E53CA6C022870E58000AC50B /* Project.swift */ = {isa = PBXFileReference; lastKnownFileType = sourcecode.swift; path = Project.swift; sourceTree = "<group>"; };
		E5540A222283748300009F37 /* ActionListTableViewController.swift */ = {isa = PBXFileReference; lastKnownFileType = sourcecode.swift; path = ActionListTableViewController.swift; sourceTree = "<group>"; };
		E55FEE18228714CD000E8283 /* EventTableViewCell.swift */ = {isa = PBXFileReference; lastKnownFileType = sourcecode.swift; path = EventTableViewCell.swift; sourceTree = "<group>"; };
		E55FEE1A22872D51000E8283 /* NextActionTableViewCell.swift */ = {isa = PBXFileReference; lastKnownFileType = sourcecode.swift; path = NextActionTableViewCell.swift; sourceTree = "<group>"; };
		E565DF352251929D00B2531D /* TodayTableViewController.swift */ = {isa = PBXFileReference; lastKnownFileType = sourcecode.swift; path = TodayTableViewController.swift; sourceTree = "<group>"; };
		E565DF3822519CCF00B2531D /* AutoPlan.xcdatamodel */ = {isa = PBXFileReference; lastKnownFileType = wrapper.xcdatamodel; path = AutoPlan.xcdatamodel; sourceTree = "<group>"; };
		E566D5F32279322000C8A363 /* SelectTaskTableViewController.swift */ = {isa = PBXFileReference; lastKnownFileType = sourcecode.swift; path = SelectTaskTableViewController.swift; sourceTree = "<group>"; };
		E57BA475227C65C30092CFE5 /* UICircleView.swift */ = {isa = PBXFileReference; lastKnownFileType = sourcecode.swift; path = UICircleView.swift; sourceTree = "<group>"; };
		E5818577225110B6002148A0 /* AutoPlan.app */ = {isa = PBXFileReference; explicitFileType = wrapper.application; includeInIndex = 0; path = AutoPlan.app; sourceTree = BUILT_PRODUCTS_DIR; };
		E581857A225110B6002148A0 /* AppDelegate.swift */ = {isa = PBXFileReference; lastKnownFileType = sourcecode.swift; path = AppDelegate.swift; sourceTree = "<group>"; };
		E581857C225110B6002148A0 /* MainViewController.swift */ = {isa = PBXFileReference; lastKnownFileType = sourcecode.swift; path = MainViewController.swift; sourceTree = "<group>"; };
		E581857F225110B6002148A0 /* Base */ = {isa = PBXFileReference; lastKnownFileType = file.storyboard; name = Base; path = Base.lproj/Main.storyboard; sourceTree = "<group>"; };
		E5818587225110B7002148A0 /* Base */ = {isa = PBXFileReference; lastKnownFileType = file.storyboard; name = Base; path = Base.lproj/LaunchScreen.storyboard; sourceTree = "<group>"; };
		E5818589225110B7002148A0 /* Info.plist */ = {isa = PBXFileReference; lastKnownFileType = text.plist.xml; path = Info.plist; sourceTree = "<group>"; };
		E58F061B2256F1FF00D84219 /* AutoPlan.entitlements */ = {isa = PBXFileReference; lastKnownFileType = text.plist.entitlements; path = AutoPlan.entitlements; sourceTree = "<group>"; };
		E58F061D2256F1FF00D84219 /* HealthKit.framework */ = {isa = PBXFileReference; lastKnownFileType = wrapper.framework; name = HealthKit.framework; path = System/Library/Frameworks/HealthKit.framework; sourceTree = SDKROOT; };
		E59316902252E7CE00936CB5 /* TaskListTableViewController.swift */ = {isa = PBXFileReference; lastKnownFileType = sourcecode.swift; path = TaskListTableViewController.swift; sourceTree = "<group>"; };
		E5931696225333A400936CB5 /* AddEditTaskTableViewController.swift */ = {isa = PBXFileReference; lastKnownFileType = sourcecode.swift; path = AddEditTaskTableViewController.swift; sourceTree = "<group>"; };
		E5A2F62F22804E3200F7EA42 /* EnergyViewController.swift */ = {isa = PBXFileReference; lastKnownFileType = sourcecode.swift; path = EnergyViewController.swift; sourceTree = "<group>"; };
		E5A31CA222669CC90047233B /* ProjectListTableViewController.swift */ = {isa = PBXFileReference; lastKnownFileType = sourcecode.swift; path = ProjectListTableViewController.swift; sourceTree = "<group>"; };
		E5A31CA62266B49C0047233B /* AddEditProjectTableViewController.swift */ = {isa = PBXFileReference; lastKnownFileType = sourcecode.swift; path = AddEditProjectTableViewController.swift; sourceTree = "<group>"; };
		E5B41D7A227C3C2300A88BA6 /* ProjectTableViewCell.swift */ = {isa = PBXFileReference; lastKnownFileType = sourcecode.swift; path = ProjectTableViewCell.swift; sourceTree = "<group>"; };
		E5CAD72822543AEE00936D9D /* TaskTableViewCell.swift */ = {isa = PBXFileReference; lastKnownFileType = sourcecode.swift; path = TaskTableViewCell.swift; sourceTree = "<group>"; };
		E5E5AA40227D6DC3007B1FFD /* Media.xcassets */ = {isa = PBXFileReference; lastKnownFileType = folder.assetcatalog; path = Media.xcassets; sourceTree = "<group>"; };
		E5E8C659227D380100D354C6 /* SelectColorTableViewController.swift */ = {isa = PBXFileReference; lastKnownFileType = sourcecode.swift; path = SelectColorTableViewController.swift; sourceTree = "<group>"; };
		E5E8C65B227D40A300D354C6 /* Task.swift */ = {isa = PBXFileReference; lastKnownFileType = sourcecode.swift; path = Task.swift; sourceTree = "<group>"; };
/* End PBXFileReference section */

/* Begin PBXFrameworksBuildPhase section */
		E5818574225110B6002148A0 /* Frameworks */ = {
			isa = PBXFrameworksBuildPhase;
			buildActionMask = 2147483647;
			files = (
				E58F061E2256F1FF00D84219 /* HealthKit.framework in Frameworks */,
				0A483632D0756A3A43FA1CE1 /* Pods_AutoPlan.framework in Frameworks */,
			);
			runOnlyForDeploymentPostprocessing = 0;
		};
/* End PBXFrameworksBuildPhase section */

/* Begin PBXGroup section */
		88163E4ADABF9782D0363AC0 /* Pods */ = {
			isa = PBXGroup;
			children = (
				CC704CEEA68780D1B77718ED /* Pods-AutoPlan.debug.xcconfig */,
				273384AFBCD62B04DBDE4427 /* Pods-AutoPlan.release.xcconfig */,
			);
			path = Pods;
			sourceTree = "<group>";
		};
		E5340AA32279DD6000C5C781 /* Task */ = {
			isa = PBXGroup;
			children = (
				E5CAD72822543AEE00936D9D /* TaskTableViewCell.swift */,
				E59316902252E7CE00936CB5 /* TaskListTableViewController.swift */,
				E5931696225333A400936CB5 /* AddEditTaskTableViewController.swift */,
				E508BC3C226B43F6009BBC31 /* SelectProjectTableViewController.swift */,
				E566D5F32279322000C8A363 /* SelectTaskTableViewController.swift */,
			);
			path = Task;
			sourceTree = "<group>";
		};
		E5340AA42279DD8000C5C781 /* Project */ = {
			isa = PBXGroup;
			children = (
				E5B41D7A227C3C2300A88BA6 /* ProjectTableViewCell.swift */,
				E5A31CA222669CC90047233B /* ProjectListTableViewController.swift */,
				E5A31CA62266B49C0047233B /* AddEditProjectTableViewController.swift */,
				E5E8C659227D380100D354C6 /* SelectColorTableViewController.swift */,
			);
			path = Project;
			sourceTree = "<group>";
		};
		E5540A242283748900009F37 /* Action */ = {
			isa = PBXGroup;
			children = (
				E536D548227FE0DE002C72ED /* AddEditActionTableViewController.swift */,
				E521D5C522831D47000767DE /* DayListTableViewController.swift */,
				E5540A222283748300009F37 /* ActionListTableViewController.swift */,
			);
			path = Action;
			sourceTree = "<group>";
		};
		E5594922228363DF0088C372 /* Today */ = {
			isa = PBXGroup;
			children = (
				E55FEE18228714CD000E8283 /* EventTableViewCell.swift */,
				E55FEE1A22872D51000E8283 /* NextActionTableViewCell.swift */,
				E565DF352251929D00B2531D /* TodayTableViewController.swift */,
			);
			path = Today;
			sourceTree = "<group>";
		};
		E56B2DB12278843100CE3B65 /* ViewController */ = {
			isa = PBXGroup;
			children = (
				E581857C225110B6002148A0 /* MainViewController.swift */,
				E5594922228363DF0088C372 /* Today */,
				E5340AA42279DD8000C5C781 /* Project */,
				E5340AA32279DD6000C5C781 /* Task */,
				E5A2F62F22804E3200F7EA42 /* EnergyViewController.swift */,
				E5540A242283748900009F37 /* Action */,
			);
			path = ViewController;
			sourceTree = "<group>";
		};
		E57BA474227C65910092CFE5 /* View */ = {
			isa = PBXGroup;
			children = (
				E536D54A227FEADB002C72ED /* PickerLabel.swift */,
				E57BA475227C65C30092CFE5 /* UICircleView.swift */,
				E50B0AA02282E5F200BFCADD /* UIColor.swift */,
			);
			path = View;
			sourceTree = "<group>";
		};
		E581856E225110B6002148A0 = {
			isa = PBXGroup;
			children = (
				E5818579225110B6002148A0 /* AutoPlan */,
				E5818578225110B6002148A0 /* Products */,
				E58F061C2256F1FF00D84219 /* Frameworks */,
				88163E4ADABF9782D0363AC0 /* Pods */,
			);
			sourceTree = "<group>";
		};
		E5818578225110B6002148A0 /* Products */ = {
			isa = PBXGroup;
			children = (
				E5818577225110B6002148A0 /* AutoPlan.app */,
			);
			name = Products;
			sourceTree = "<group>";
		};
		E5818579225110B6002148A0 /* AutoPlan */ = {
			isa = PBXGroup;
			children = (
				E581857E225110B6002148A0 /* Main.storyboard */,
				E584713E22773F45001E4534 /* Model */,
				E57BA474227C65910092CFE5 /* View */,
				E56B2DB12278843100CE3B65 /* ViewController */,
				E58F061B2256F1FF00D84219 /* AutoPlan.entitlements */,
				E5818589225110B7002148A0 /* Info.plist */,
				E5A31CA92266C0D50047233B /* Supporting Files */,
			);
			path = AutoPlan;
			sourceTree = "<group>";
		};
		E584713E22773F45001E4534 /* Model */ = {
			isa = PBXGroup;
			children = (
				E565DF3722519CCF00B2531D /* AutoPlan.xcdatamodeld */,
				E5E8C65B227D40A300D354C6 /* Task.swift */,
				E53CA6C022870E58000AC50B /* Project.swift */,
			);
			path = Model;
			sourceTree = "<group>";
		};
		E58F061C2256F1FF00D84219 /* Frameworks */ = {
			isa = PBXGroup;
			children = (
				E58F061D2256F1FF00D84219 /* HealthKit.framework */,
				8CBCD561F4542F9F0BC65D9C /* Pods_AutoPlan.framework */,
			);
			name = Frameworks;
			sourceTree = "<group>";
		};
		E5A31CA92266C0D50047233B /* Supporting Files */ = {
			isa = PBXGroup;
			children = (
				E5E5AA40227D6DC3007B1FFD /* Media.xcassets */,
				E581857A225110B6002148A0 /* AppDelegate.swift */,
				E5818586225110B7002148A0 /* LaunchScreen.storyboard */,
			);
			path = "Supporting Files";
			sourceTree = "<group>";
		};
/* End PBXGroup section */

/* Begin PBXNativeTarget section */
		E5818576225110B6002148A0 /* AutoPlan */ = {
			isa = PBXNativeTarget;
			buildConfigurationList = E581858C225110B7002148A0 /* Build configuration list for PBXNativeTarget "AutoPlan" */;
			buildPhases = (
				C2A2E148BE3FA1EF05B96383 /* [CP] Check Pods Manifest.lock */,
				E5818573225110B6002148A0 /* Sources */,
				E5818574225110B6002148A0 /* Frameworks */,
				E5818575225110B6002148A0 /* Resources */,
				7BD1208947F9593D8AFE77A1 /* [CP] Embed Pods Frameworks */,
			);
			buildRules = (
			);
			dependencies = (
			);
			name = AutoPlan;
			productName = AutoPlan;
			productReference = E5818577225110B6002148A0 /* AutoPlan.app */;
			productType = "com.apple.product-type.application";
		};
/* End PBXNativeTarget section */

/* Begin PBXProject section */
		E581856F225110B6002148A0 /* Project object */ = {
			isa = PBXProject;
			attributes = {
				LastSwiftUpdateCheck = 1020;
				LastUpgradeCheck = 1020;
				ORGANIZATIONNAME = Misaka;
				TargetAttributes = {
					E5818576225110B6002148A0 = {
						CreatedOnToolsVersion = 10.2;
						SystemCapabilities = {
							com.apple.HealthKit = {
								enabled = 1;
							};
						};
					};
				};
			};
			buildConfigurationList = E5818572225110B6002148A0 /* Build configuration list for PBXProject "AutoPlan" */;
			compatibilityVersion = "Xcode 9.3";
			developmentRegion = en;
			hasScannedForEncodings = 0;
			knownRegions = (
				en,
				Base,
			);
			mainGroup = E581856E225110B6002148A0;
			productRefGroup = E5818578225110B6002148A0 /* Products */;
			projectDirPath = "";
			projectRoot = "";
			targets = (
				E5818576225110B6002148A0 /* AutoPlan */,
			);
		};
/* End PBXProject section */

/* Begin PBXResourcesBuildPhase section */
		E5818575225110B6002148A0 /* Resources */ = {
			isa = PBXResourcesBuildPhase;
			buildActionMask = 2147483647;
			files = (
				E5818588225110B7002148A0 /* LaunchScreen.storyboard in Resources */,
				E5E5AA41227D6DC3007B1FFD /* Media.xcassets in Resources */,
				E5818580225110B6002148A0 /* Main.storyboard in Resources */,
			);
			runOnlyForDeploymentPostprocessing = 0;
		};
/* End PBXResourcesBuildPhase section */

/* Begin PBXShellScriptBuildPhase section */
		7BD1208947F9593D8AFE77A1 /* [CP] Embed Pods Frameworks */ = {
			isa = PBXShellScriptBuildPhase;
			buildActionMask = 2147483647;
			files = (
			);
			inputFileListPaths = (
			);
			inputPaths = (
				"${PODS_ROOT}/Target Support Files/Pods-AutoPlan/Pods-AutoPlan-frameworks.sh",
				"${BUILT_PRODUCTS_DIR}/AAInfographics/AAInfographics.framework",
			);
			name = "[CP] Embed Pods Frameworks";
			outputFileListPaths = (
			);
			outputPaths = (
				"${TARGET_BUILD_DIR}/${FRAMEWORKS_FOLDER_PATH}/AAInfographics.framework",
			);
			runOnlyForDeploymentPostprocessing = 0;
			shellPath = /bin/sh;
			shellScript = "\"${PODS_ROOT}/Target Support Files/Pods-AutoPlan/Pods-AutoPlan-frameworks.sh\"\n";
			showEnvVarsInLog = 0;
		};
		C2A2E148BE3FA1EF05B96383 /* [CP] Check Pods Manifest.lock */ = {
			isa = PBXShellScriptBuildPhase;
			buildActionMask = 2147483647;
			files = (
			);
			inputFileListPaths = (
			);
			inputPaths = (
				"${PODS_PODFILE_DIR_PATH}/Podfile.lock",
				"${PODS_ROOT}/Manifest.lock",
			);
			name = "[CP] Check Pods Manifest.lock";
			outputFileListPaths = (
			);
			outputPaths = (
				"$(DERIVED_FILE_DIR)/Pods-AutoPlan-checkManifestLockResult.txt",
			);
			runOnlyForDeploymentPostprocessing = 0;
			shellPath = /bin/sh;
			shellScript = "diff \"${PODS_PODFILE_DIR_PATH}/Podfile.lock\" \"${PODS_ROOT}/Manifest.lock\" > /dev/null\nif [ $? != 0 ] ; then\n    # print error to STDERR\n    echo \"error: The sandbox is not in sync with the Podfile.lock. Run 'pod install' or update your CocoaPods installation.\" >&2\n    exit 1\nfi\n# This output is used by Xcode 'outputs' to avoid re-running this script phase.\necho \"SUCCESS\" > \"${SCRIPT_OUTPUT_FILE_0}\"\n";
			showEnvVarsInLog = 0;
		};
/* End PBXShellScriptBuildPhase section */

/* Begin PBXSourcesBuildPhase section */
		E5818573225110B6002148A0 /* Sources */ = {
			isa = PBXSourcesBuildPhase;
			buildActionMask = 2147483647;
			files = (
				E55FEE1B22872D51000E8283 /* NextActionTableViewCell.swift in Sources */,
				E55FEE19228714CD000E8283 /* EventTableViewCell.swift in Sources */,
				E5CAD72922543AEE00936D9D /* TaskTableViewCell.swift in Sources */,
				E566D5F42279322000C8A363 /* SelectTaskTableViewController.swift in Sources */,
				E508BC3D226B43F6009BBC31 /* SelectProjectTableViewController.swift in Sources */,
				E5931697225333A400936CB5 /* AddEditTaskTableViewController.swift in Sources */,
				E5A31CA72266B49C0047233B /* AddEditProjectTableViewController.swift in Sources */,
				E521D5C622831D47000767DE /* DayListTableViewController.swift in Sources */,
				E536D549227FE0DE002C72ED /* AddEditActionTableViewController.swift in Sources */,
				E53CA6C122870E58000AC50B /* Project.swift in Sources */,
				E536D54B227FEADB002C72ED /* PickerLabel.swift in Sources */,
				E5A31CA322669CC90047233B /* ProjectListTableViewController.swift in Sources */,
				E50B0AA12282E5F200BFCADD /* UIColor.swift in Sources */,
				E5A2F63022804E3200F7EA42 /* EnergyViewController.swift in Sources */,
				E581857D225110B6002148A0 /* MainViewController.swift in Sources */,
				E5E8C65C227D40A300D354C6 /* Task.swift in Sources */,
				E5B41D7B227C3C2300A88BA6 /* ProjectTableViewCell.swift in Sources */,
				E57BA476227C65C30092CFE5 /* UICircleView.swift in Sources */,
				E565DF3922519CCF00B2531D /* AutoPlan.xcdatamodeld in Sources */,
				E5E8C65A227D380100D354C6 /* SelectColorTableViewController.swift in Sources */,
				E581857B225110B6002148A0 /* AppDelegate.swift in Sources */,
				E5540A232283748300009F37 /* ActionListTableViewController.swift in Sources */,
				E565DF362251929D00B2531D /* TodayTableViewController.swift in Sources */,
				E59316912252E7CE00936CB5 /* TaskListTableViewController.swift in Sources */,
			);
			runOnlyForDeploymentPostprocessing = 0;
		};
/* End PBXSourcesBuildPhase section */

/* Begin PBXVariantGroup section */
		E581857E225110B6002148A0 /* Main.storyboard */ = {
			isa = PBXVariantGroup;
			children = (
				E581857F225110B6002148A0 /* Base */,
			);
			name = Main.storyboard;
			sourceTree = "<group>";
		};
		E5818586225110B7002148A0 /* LaunchScreen.storyboard */ = {
			isa = PBXVariantGroup;
			children = (
				E5818587225110B7002148A0 /* Base */,
			);
			name = LaunchScreen.storyboard;
			sourceTree = "<group>";
		};
/* End PBXVariantGroup section */

/* Begin XCBuildConfiguration section */
		E581858A225110B7002148A0 /* Debug */ = {
			isa = XCBuildConfiguration;
			buildSettings = {
				ALWAYS_SEARCH_USER_PATHS = NO;
				CLANG_ANALYZER_LOCALIZABILITY_NONLOCALIZED = YES;
				CLANG_ANALYZER_NONNULL = YES;
				CLANG_ANALYZER_NUMBER_OBJECT_CONVERSION = YES_AGGRESSIVE;
				CLANG_CXX_LANGUAGE_STANDARD = "gnu++14";
				CLANG_CXX_LIBRARY = "libc++";
				CLANG_ENABLE_MODULES = YES;
				CLANG_ENABLE_OBJC_ARC = YES;
				CLANG_ENABLE_OBJC_WEAK = YES;
				CLANG_WARN_BLOCK_CAPTURE_AUTORELEASING = YES;
				CLANG_WARN_BOOL_CONVERSION = YES;
				CLANG_WARN_COMMA = YES;
				CLANG_WARN_CONSTANT_CONVERSION = YES;
				CLANG_WARN_DEPRECATED_OBJC_IMPLEMENTATIONS = YES;
				CLANG_WARN_DIRECT_OBJC_ISA_USAGE = YES_ERROR;
				CLANG_WARN_DOCUMENTATION_COMMENTS = YES;
				CLANG_WARN_EMPTY_BODY = YES;
				CLANG_WARN_ENUM_CONVERSION = YES;
				CLANG_WARN_INFINITE_RECURSION = YES;
				CLANG_WARN_INT_CONVERSION = YES;
				CLANG_WARN_NON_LITERAL_NULL_CONVERSION = YES;
				CLANG_WARN_OBJC_IMPLICIT_RETAIN_SELF = YES;
				CLANG_WARN_OBJC_LITERAL_CONVERSION = YES;
				CLANG_WARN_OBJC_ROOT_CLASS = YES_ERROR;
				CLANG_WARN_RANGE_LOOP_ANALYSIS = YES;
				CLANG_WARN_STRICT_PROTOTYPES = YES;
				CLANG_WARN_SUSPICIOUS_MOVE = YES;
				CLANG_WARN_UNGUARDED_AVAILABILITY = YES_AGGRESSIVE;
				CLANG_WARN_UNREACHABLE_CODE = YES;
				CLANG_WARN__DUPLICATE_METHOD_MATCH = YES;
				CODE_SIGN_IDENTITY = "iPhone Developer";
				COPY_PHASE_STRIP = NO;
				DEBUG_INFORMATION_FORMAT = dwarf;
				ENABLE_STRICT_OBJC_MSGSEND = YES;
				ENABLE_TESTABILITY = YES;
				GCC_C_LANGUAGE_STANDARD = gnu11;
				GCC_DYNAMIC_NO_PIC = NO;
				GCC_NO_COMMON_BLOCKS = YES;
				GCC_OPTIMIZATION_LEVEL = 0;
				GCC_PREPROCESSOR_DEFINITIONS = (
					"DEBUG=1",
					"$(inherited)",
				);
				GCC_WARN_64_TO_32_BIT_CONVERSION = YES;
				GCC_WARN_ABOUT_RETURN_TYPE = YES_ERROR;
				GCC_WARN_UNDECLARED_SELECTOR = YES;
				GCC_WARN_UNINITIALIZED_AUTOS = YES_AGGRESSIVE;
				GCC_WARN_UNUSED_FUNCTION = YES;
				GCC_WARN_UNUSED_VARIABLE = YES;
				IPHONEOS_DEPLOYMENT_TARGET = 12.2;
				MTL_ENABLE_DEBUG_INFO = INCLUDE_SOURCE;
				MTL_FAST_MATH = YES;
				ONLY_ACTIVE_ARCH = YES;
				SDKROOT = iphoneos;
				SWIFT_ACTIVE_COMPILATION_CONDITIONS = DEBUG;
				SWIFT_OPTIMIZATION_LEVEL = "-Onone";
			};
			name = Debug;
		};
		E581858B225110B7002148A0 /* Release */ = {
			isa = XCBuildConfiguration;
			buildSettings = {
				ALWAYS_SEARCH_USER_PATHS = NO;
				CLANG_ANALYZER_LOCALIZABILITY_NONLOCALIZED = YES;
				CLANG_ANALYZER_NONNULL = YES;
				CLANG_ANALYZER_NUMBER_OBJECT_CONVERSION = YES_AGGRESSIVE;
				CLANG_CXX_LANGUAGE_STANDARD = "gnu++14";
				CLANG_CXX_LIBRARY = "libc++";
				CLANG_ENABLE_MODULES = YES;
				CLANG_ENABLE_OBJC_ARC = YES;
				CLANG_ENABLE_OBJC_WEAK = YES;
				CLANG_WARN_BLOCK_CAPTURE_AUTORELEASING = YES;
				CLANG_WARN_BOOL_CONVERSION = YES;
				CLANG_WARN_COMMA = YES;
				CLANG_WARN_CONSTANT_CONVERSION = YES;
				CLANG_WARN_DEPRECATED_OBJC_IMPLEMENTATIONS = YES;
				CLANG_WARN_DIRECT_OBJC_ISA_USAGE = YES_ERROR;
				CLANG_WARN_DOCUMENTATION_COMMENTS = YES;
				CLANG_WARN_EMPTY_BODY = YES;
				CLANG_WARN_ENUM_CONVERSION = YES;
				CLANG_WARN_INFINITE_RECURSION = YES;
				CLANG_WARN_INT_CONVERSION = YES;
				CLANG_WARN_NON_LITERAL_NULL_CONVERSION = YES;
				CLANG_WARN_OBJC_IMPLICIT_RETAIN_SELF = YES;
				CLANG_WARN_OBJC_LITERAL_CONVERSION = YES;
				CLANG_WARN_OBJC_ROOT_CLASS = YES_ERROR;
				CLANG_WARN_RANGE_LOOP_ANALYSIS = YES;
				CLANG_WARN_STRICT_PROTOTYPES = YES;
				CLANG_WARN_SUSPICIOUS_MOVE = YES;
				CLANG_WARN_UNGUARDED_AVAILABILITY = YES_AGGRESSIVE;
				CLANG_WARN_UNREACHABLE_CODE = YES;
				CLANG_WARN__DUPLICATE_METHOD_MATCH = YES;
				CODE_SIGN_IDENTITY = "iPhone Developer";
				COPY_PHASE_STRIP = NO;
				DEBUG_INFORMATION_FORMAT = "dwarf-with-dsym";
				ENABLE_NS_ASSERTIONS = NO;
				ENABLE_STRICT_OBJC_MSGSEND = YES;
				GCC_C_LANGUAGE_STANDARD = gnu11;
				GCC_NO_COMMON_BLOCKS = YES;
				GCC_WARN_64_TO_32_BIT_CONVERSION = YES;
				GCC_WARN_ABOUT_RETURN_TYPE = YES_ERROR;
				GCC_WARN_UNDECLARED_SELECTOR = YES;
				GCC_WARN_UNINITIALIZED_AUTOS = YES_AGGRESSIVE;
				GCC_WARN_UNUSED_FUNCTION = YES;
				GCC_WARN_UNUSED_VARIABLE = YES;
				IPHONEOS_DEPLOYMENT_TARGET = 12.2;
				MTL_ENABLE_DEBUG_INFO = NO;
				MTL_FAST_MATH = YES;
				SDKROOT = iphoneos;
				SWIFT_COMPILATION_MODE = wholemodule;
				SWIFT_OPTIMIZATION_LEVEL = "-O";
				VALIDATE_PRODUCT = YES;
			};
			name = Release;
		};
		E581858D225110B7002148A0 /* Debug */ = {
			isa = XCBuildConfiguration;
			baseConfigurationReference = CC704CEEA68780D1B77718ED /* Pods-AutoPlan.debug.xcconfig */;
			buildSettings = {
				ASSETCATALOG_COMPILER_APPICON_NAME = AppIcon;
				CODE_SIGN_ENTITLEMENTS = AutoPlan/AutoPlan.entitlements;
				CODE_SIGN_STYLE = Automatic;
				DEVELOPMENT_TEAM = MT2QLSNS7F;
				INFOPLIST_FILE = AutoPlan/Info.plist;
				LD_RUNPATH_SEARCH_PATHS = (
					"$(inherited)",
					"@executable_path/Frameworks",
				);
				PRODUCT_BUNDLE_IDENTIFIER = com.chuxubank.AutoPlan;
				PRODUCT_NAME = "$(TARGET_NAME)";
				SWIFT_VERSION = 5.0;
				TARGETED_DEVICE_FAMILY = "1,2";
			};
			name = Debug;
		};
		E581858E225110B7002148A0 /* Release */ = {
			isa = XCBuildConfiguration;
			baseConfigurationReference = 273384AFBCD62B04DBDE4427 /* Pods-AutoPlan.release.xcconfig */;
			buildSettings = {
				ASSETCATALOG_COMPILER_APPICON_NAME = AppIcon;
				CODE_SIGN_ENTITLEMENTS = AutoPlan/AutoPlan.entitlements;
				CODE_SIGN_STYLE = Automatic;
				DEVELOPMENT_TEAM = MT2QLSNS7F;
				INFOPLIST_FILE = AutoPlan/Info.plist;
				LD_RUNPATH_SEARCH_PATHS = (
					"$(inherited)",
					"@executable_path/Frameworks",
				);
				PRODUCT_BUNDLE_IDENTIFIER = com.chuxubank.AutoPlan;
				PRODUCT_NAME = "$(TARGET_NAME)";
				SWIFT_VERSION = 5.0;
				TARGETED_DEVICE_FAMILY = "1,2";
			};
			name = Release;
		};
/* End XCBuildConfiguration section */

/* Begin XCConfigurationList section */
		E5818572225110B6002148A0 /* Build configuration list for PBXProject "AutoPlan" */ = {
			isa = XCConfigurationList;
			buildConfigurations = (
				E581858A225110B7002148A0 /* Debug */,
				E581858B225110B7002148A0 /* Release */,
			);
			defaultConfigurationIsVisible = 0;
			defaultConfigurationName = Release;
		};
		E581858C225110B7002148A0 /* Build configuration list for PBXNativeTarget "AutoPlan" */ = {
			isa = XCConfigurationList;
			buildConfigurations = (
				E581858D225110B7002148A0 /* Debug */,
				E581858E225110B7002148A0 /* Release */,
			);
			defaultConfigurationIsVisible = 0;
			defaultConfigurationName = Release;
		};
/* End XCConfigurationList section */

/* Begin XCVersionGroup section */
		E565DF3722519CCF00B2531D /* AutoPlan.xcdatamodeld */ = {
			isa = XCVersionGroup;
			children = (
				E565DF3822519CCF00B2531D /* AutoPlan.xcdatamodel */,
			);
			currentVersion = E565DF3822519CCF00B2531D /* AutoPlan.xcdatamodel */;
			path = AutoPlan.xcdatamodeld;
			sourceTree = "<group>";
			versionGroupType = wrapper.xcdatamodel;
		};
/* End XCVersionGroup section */
	};
	rootObject = E581856F225110B6002148A0 /* Project object */;
}
